
Microsoft Visual Studio Solution File, Format Version 12.00
# Visual Studio Version 17
VisualStudioVersion = 17.0.32014.148
MinimumVisualStudioVersion = 10.0.40219.1
Project("{9A19103F-16F7-4668-BE54-9A1E7A4F7556}") = "MVVMApp", "MVVMApp\MVVMApp.csproj", "{18E16199-ED3C-4D8A-8361-0F0352107928}"
EndProject
Project("{9A19103F-16F7-4668-BE54-9A1E7A4F7556}") = "MVVMApp.Model.Web", "MVVMApp.Model.Service\MVVMApp.Model.Web.csproj", "{8159FC54-DA9C-443E-8B13-EF21DBCD8A04}"
EndProject
Project("{9A19103F-16F7-4668-BE54-9A1E7A4F7556}") = "MVVMApp.Model.DB", "MVVMApp.Model.DB\MVVMApp.Model.DB.csproj", "{8F8FD23F-01E1-44CC-99D7-CC4FD27BCB2F}"
EndProject
Project("{9A19103F-16F7-4668-BE54-9A1E7A4F7556}") = "MVVMApp.Model.FileSystem", "MVVMApp.Model.FileSystem\MVVMApp.Model.FileSystem.csproj", "{9A9E1A07-E607-45B7-A84F-AE09683EFDA0}"
EndProject
Project("{2150E333-8FDC-42A3-9474-1A3956D46DE8}") = "Models", "Models", "{50F90873-500D-4EE8-A552-ECB32810F930}"
EndProject
Project("{2150E333-8FDC-42A3-9474-1A3956D46DE8}") = "Views", "Views", "{B34FCCF8-13B1-4D56-971B-E40C77281C7E}"
EndProject
Project("{2150E333-8FDC-42A3-9474-1A3956D46DE8}") = "ViewModels", "ViewModels", "{4A45959A-D32B-4362-8F04-810CC6158856}"
EndProject
Project("{2150E333-8FDC-42A3-9474-1A3956D46DE8}") = "Services", "Services", "{668D3EE0-449D-4690-A0B4-2BDCDD133372}"
EndProject
Project("{FAE04EC0-301F-11D3-BF4B-00C04F79EFBC}") = "MVVMApp.LogService", "MVVMApp.LoggingService\MVVMApp.LogService.csproj", "{B7CA5FDF-6C9A-4178-BC2A-1E8F672ACCC7}"
EndProject
Project("{FAE04EC0-301F-11D3-BF4B-00C04F79EFBC}") = "MVVMApp.Services", "MVVMApp.Services\MVVMApp.Services.csproj", "{C25F8FC1-1C4B-4F85-A9FB-F95A69CD3D3C}"
EndProject
Project("{FAE04EC0-301F-11D3-BF4B-00C04F79EFBC}") = "MVVMApp.Model", "MVVMApp.Model\MVVMApp.Model.csproj", "{4CF2A826-F519-4384-AE46-5A1D00F8F535}"
EndProject
Project("{FAE04EC0-301F-11D3-BF4B-00C04F79EFBC}") = "MVVMApp.View", "MVVMApp.View\MVVMApp.View.csproj", "{551FC3BA-4820-47BF-8BAC-9B411BEB27B8}"
EndProject
Project("{FAE04EC0-301F-11D3-BF4B-00C04F79EFBC}") = "MVVMApp.ViewModel", "MVVMApp.ViewModel\MVVMApp.ViewModel.csproj", "{2325BA70-9970-4744-81B9-802A6D109293}"
EndProject
Project("{FAE04EC0-301F-11D3-BF4B-00C04F79EFBC}") = "MVVMApp.ViewModel.Custom", "MVVMApp.ViewModel.Custom\MVVMApp.ViewModel.Custom.csproj", "{B957DFB7-189C-46EA-ABC3-98AB7B064667}"
EndProject
Project("{FAE04EC0-301F-11D3-BF4B-00C04F79EFBC}") = "MVVMApp.View.BBB", "MVVMApp.View.BBB\MVVMApp.View.BBB.csproj", "{A576401D-7039-4EE1-ADD2-A478AC38A759}"
EndProject
Project("{FAE04EC0-301F-11D3-BF4B-00C04F79EFBC}") = "MVVMApp.View.AAA", "MVVMApp.View.AAA\MVVMApp.View.AAA.csproj", "{16C5E664-3120-4D30-A6A4-346D1911427C}"
EndProject
Project("{FAE04EC0-301F-11D3-BF4B-00C04F79EFBC}") = "MVVMApp.View.CCC", "MVVMApp.View.CCC\MVVMApp.View.CCC.csproj", "{F67A477C-5DE4-49C3-97E5-27F96F9805BD}"
EndProject
Project("{9092AA53-FB77-4645-B42D-1CCCA6BD08BD}") = "MVVMApp.TS", "MVVMApp.TS\MVVMApp.TS.njsproj", "{9FC210CC-F8B4-431E-ACF7-4686CF0E268B}"
EndProject
Project("{FAE04EC0-301F-11D3-BF4B-00C04F79EFBC}") = "MVVMApp.API", "MVVMApp.API\MVVMApp.API.csproj", "{7E04544B-EDC3-4EA3-8F4C-ED05DFDF91AB}"
EndProject
Project("{2150E333-8FDC-42A3-9474-1A3956D46DE8}") = "Web", "Web", "{F17C41CC-9E07-4D9B-8B83-CAE17B8AF879}"
EndProject
Project("{2150E333-8FDC-42A3-9474-1A3956D46DE8}") = "Desktop", "Desktop", "{89E14C0C-55AD-4658-8115-95BB231BED83}"
EndProject
Global
	GlobalSection(SolutionConfigurationPlatforms) = preSolution
		Debug|Any CPU = Debug|Any CPU
		Release|Any CPU = Release|Any CPU
	EndGlobalSection
	GlobalSection(ProjectConfigurationPlatforms) = postSolution
		{18E16199-ED3C-4D8A-8361-0F0352107928}.Debug|Any CPU.ActiveCfg = Debug|Any CPU
		{18E16199-ED3C-4D8A-8361-0F0352107928}.Debug|Any CPU.Build.0 = Debug|Any CPU
		{18E16199-ED3C-4D8A-8361-0F0352107928}.Release|Any CPU.ActiveCfg = Release|Any CPU
		{18E16199-ED3C-4D8A-8361-0F0352107928}.Release|Any CPU.Build.0 = Release|Any CPU
		{8159FC54-DA9C-443E-8B13-EF21DBCD8A04}.Debug|Any CPU.ActiveCfg = Debug|Any CPU
		{8159FC54-DA9C-443E-8B13-EF21DBCD8A04}.Debug|Any CPU.Build.0 = Debug|Any CPU
		{8159FC54-DA9C-443E-8B13-EF21DBCD8A04}.Release|Any CPU.ActiveCfg = Release|Any CPU
		{8159FC54-DA9C-443E-8B13-EF21DBCD8A04}.Release|Any CPU.Build.0 = Release|Any CPU
		{8F8FD23F-01E1-44CC-99D7-CC4FD27BCB2F}.Debug|Any CPU.ActiveCfg = Debug|Any CPU
		{8F8FD23F-01E1-44CC-99D7-CC4FD27BCB2F}.Debug|Any CPU.Build.0 = Debug|Any CPU
		{8F8FD23F-01E1-44CC-99D7-CC4FD27BCB2F}.Release|Any CPU.ActiveCfg = Release|Any CPU
		{8F8FD23F-01E1-44CC-99D7-CC4FD27BCB2F}.Release|Any CPU.Build.0 = Release|Any CPU
		{9A9E1A07-E607-45B7-A84F-AE09683EFDA0}.Debug|Any CPU.ActiveCfg = Debug|Any CPU
		{9A9E1A07-E607-45B7-A84F-AE09683EFDA0}.Debug|Any CPU.Build.0 = Debug|Any CPU
		{9A9E1A07-E607-45B7-A84F-AE09683EFDA0}.Release|Any CPU.ActiveCfg = Release|Any CPU
		{9A9E1A07-E607-45B7-A84F-AE09683EFDA0}.Release|Any CPU.Build.0 = Release|Any CPU
		{B7CA5FDF-6C9A-4178-BC2A-1E8F672ACCC7}.Debug|Any CPU.ActiveCfg = Debug|Any CPU
		{B7CA5FDF-6C9A-4178-BC2A-1E8F672ACCC7}.Debug|Any CPU.Build.0 = Debug|Any CPU
		{B7CA5FDF-6C9A-4178-BC2A-1E8F672ACCC7}.Release|Any CPU.ActiveCfg = Release|Any CPU
		{B7CA5FDF-6C9A-4178-BC2A-1E8F672ACCC7}.Release|Any CPU.Build.0 = Release|Any CPU
		{C25F8FC1-1C4B-4F85-A9FB-F95A69CD3D3C}.Debug|Any CPU.ActiveCfg = Debug|Any CPU
		{C25F8FC1-1C4B-4F85-A9FB-F95A69CD3D3C}.Debug|Any CPU.Build.0 = Debug|Any CPU
		{C25F8FC1-1C4B-4F85-A9FB-F95A69CD3D3C}.Release|Any CPU.ActiveCfg = Release|Any CPU
		{C25F8FC1-1C4B-4F85-A9FB-F95A69CD3D3C}.Release|Any CPU.Build.0 = Release|Any CPU
		{4CF2A826-F519-4384-AE46-5A1D00F8F535}.Debug|Any CPU.ActiveCfg = Debug|Any CPU
		{4CF2A826-F519-4384-AE46-5A1D00F8F535}.Debug|Any CPU.Build.0 = Debug|Any CPU
		{4CF2A826-F519-4384-AE46-5A1D00F8F535}.Release|Any CPU.ActiveCfg = Release|Any CPU
		{4CF2A826-F519-4384-AE46-5A1D00F8F535}.Release|Any CPU.Build.0 = Release|Any CPU
		{551FC3BA-4820-47BF-8BAC-9B411BEB27B8}.Debug|Any CPU.ActiveCfg = Debug|Any CPU
		{551FC3BA-4820-47BF-8BAC-9B411BEB27B8}.Debug|Any CPU.Build.0 = Debug|Any CPU
		{551FC3BA-4820-47BF-8BAC-9B411BEB27B8}.Release|Any CPU.ActiveCfg = Release|Any CPU
		{551FC3BA-4820-47BF-8BAC-9B411BEB27B8}.Release|Any CPU.Build.0 = Release|Any CPU
		{2325BA70-9970-4744-81B9-802A6D109293}.Debug|Any CPU.ActiveCfg = Debug|Any CPU
		{2325BA70-9970-4744-81B9-802A6D109293}.Debug|Any CPU.Build.0 = Debug|Any CPU
		{2325BA70-9970-4744-81B9-802A6D109293}.Release|Any CPU.ActiveCfg = Release|Any CPU
		{2325BA70-9970-4744-81B9-802A6D109293}.Release|Any CPU.Build.0 = Release|Any CPU
		{B957DFB7-189C-46EA-ABC3-98AB7B064667}.Debug|Any CPU.ActiveCfg = Debug|Any CPU
		{B957DFB7-189C-46EA-ABC3-98AB7B064667}.Debug|Any CPU.Build.0 = Debug|Any CPU
		{B957DFB7-189C-46EA-ABC3-98AB7B064667}.Release|Any CPU.ActiveCfg = Release|Any CPU
		{B957DFB7-189C-46EA-ABC3-98AB7B064667}.Release|Any CPU.Build.0 = Release|Any CPU
		{A576401D-7039-4EE1-ADD2-A478AC38A759}.Debug|Any CPU.ActiveCfg = Debug|Any CPU
		{A576401D-7039-4EE1-ADD2-A478AC38A759}.Debug|Any CPU.Build.0 = Debug|Any CPU
		{A576401D-7039-4EE1-ADD2-A478AC38A759}.Release|Any CPU.ActiveCfg = Release|Any CPU
		{A576401D-7039-4EE1-ADD2-A478AC38A759}.Release|Any CPU.Build.0 = Release|Any CPU
		{16C5E664-3120-4D30-A6A4-346D1911427C}.Debug|Any CPU.ActiveCfg = Debug|Any CPU
		{16C5E664-3120-4D30-A6A4-346D1911427C}.Debug|Any CPU.Build.0 = Debug|Any CPU
		{16C5E664-3120-4D30-A6A4-346D1911427C}.Release|Any CPU.ActiveCfg = Release|Any CPU
		{16C5E664-3120-4D30-A6A4-346D1911427C}.Release|Any CPU.Build.0 = Release|Any CPU
		{F67A477C-5DE4-49C3-97E5-27F96F9805BD}.Debug|Any CPU.ActiveCfg = Debug|Any CPU
		{F67A477C-5DE4-49C3-97E5-27F96F9805BD}.Debug|Any CPU.Build.0 = Debug|Any CPU
		{F67A477C-5DE4-49C3-97E5-27F96F9805BD}.Release|Any CPU.ActiveCfg = Release|Any CPU
		{F67A477C-5DE4-49C3-97E5-27F96F9805BD}.Release|Any CPU.Build.0 = Release|Any CPU
		{9FC210CC-F8B4-431E-ACF7-4686CF0E268B}.Debug|Any CPU.ActiveCfg = Debug|Any CPU
		{9FC210CC-F8B4-431E-ACF7-4686CF0E268B}.Debug|Any CPU.Build.0 = Debug|Any CPU
		{9FC210CC-F8B4-431E-ACF7-4686CF0E268B}.Release|Any CPU.ActiveCfg = Release|Any CPU
		{9FC210CC-F8B4-431E-ACF7-4686CF0E268B}.Release|Any CPU.Build.0 = Release|Any CPU
		{7E04544B-EDC3-4EA3-8F4C-ED05DFDF91AB}.Debug|Any CPU.ActiveCfg = Debug|Any CPU
		{7E04544B-EDC3-4EA3-8F4C-ED05DFDF91AB}.Debug|Any CPU.Build.0 = Debug|Any CPU
		{7E04544B-EDC3-4EA3-8F4C-ED05DFDF91AB}.Release|Any CPU.ActiveCfg = Release|Any CPU
		{7E04544B-EDC3-4EA3-8F4C-ED05DFDF91AB}.Release|Any CPU.Build.0 = Release|Any CPU
	EndGlobalSection
	GlobalSection(SolutionProperties) = preSolution
		HideSolutionNode = FALSE
	EndGlobalSection
	GlobalSection(NestedProjects) = preSolution
		{18E16199-ED3C-4D8A-8361-0F0352107928} = {89E14C0C-55AD-4658-8115-95BB231BED83}
		{8159FC54-DA9C-443E-8B13-EF21DBCD8A04} = {50F90873-500D-4EE8-A552-ECB32810F930}
		{8F8FD23F-01E1-44CC-99D7-CC4FD27BCB2F} = {50F90873-500D-4EE8-A552-ECB32810F930}
		{9A9E1A07-E607-45B7-A84F-AE09683EFDA0} = {50F90873-500D-4EE8-A552-ECB32810F930}
		{B7CA5FDF-6C9A-4178-BC2A-1E8F672ACCC7} = {668D3EE0-449D-4690-A0B4-2BDCDD133372}
		{C25F8FC1-1C4B-4F85-A9FB-F95A69CD3D3C} = {668D3EE0-449D-4690-A0B4-2BDCDD133372}
		{4CF2A826-F519-4384-AE46-5A1D00F8F535} = {50F90873-500D-4EE8-A552-ECB32810F930}
		{551FC3BA-4820-47BF-8BAC-9B411BEB27B8} = {B34FCCF8-13B1-4D56-971B-E40C77281C7E}
		{2325BA70-9970-4744-81B9-802A6D109293} = {4A45959A-D32B-4362-8F04-810CC6158856}
		{B957DFB7-189C-46EA-ABC3-98AB7B064667} = {4A45959A-D32B-4362-8F04-810CC6158856}
		{A576401D-7039-4EE1-ADD2-A478AC38A759} = {B34FCCF8-13B1-4D56-971B-E40C77281C7E}
		{16C5E664-3120-4D30-A6A4-346D1911427C} = {B34FCCF8-13B1-4D56-971B-E40C77281C7E}
		{F67A477C-5DE4-49C3-97E5-27F96F9805BD} = {B34FCCF8-13B1-4D56-971B-E40C77281C7E}
		{9FC210CC-F8B4-431E-ACF7-4686CF0E268B} = {F17C41CC-9E07-4D9B-8B83-CAE17B8AF879}
		{7E04544B-EDC3-4EA3-8F4C-ED05DFDF91AB} = {F17C41CC-9E07-4D9B-8B83-CAE17B8AF879}
	EndGlobalSection
	GlobalSection(ExtensibilityGlobals) = postSolution
		SolutionGuid = {91BF4DE6-AD7B-43BA-9509-A51266E07F88}
	EndGlobalSection
EndGlobal
